
Microsoft Visual Studio Solution File, Format Version 12.00
# Visual Studio Version 17
VisualStudioVersion = 17.5.33516.290
MinimumVisualStudioVersion = 10.0.40219.1
Project("{FAE04EC0-301F-11D3-BF4B-00C04F79EFBC}") = "Mission14", "Mission14\Mission14.csproj", "{2222CCF1-1611-48E1-B0B1-D0AFE5D7B0A9}"
EndProject
Global
	GlobalSection(SolutionConfigurationPlatforms) = preSolution
		Debug|Any CPU = Debug|Any CPU
		Release|Any CPU = Release|Any CPU
	EndGlobalSection
	GlobalSection(ProjectConfigurationPlatforms) = postSolution
		{2222CCF1-1611-48E1-B0B1-D0AFE5D7B0A9}.Debug|Any CPU.ActiveCfg = Debug|Any CPU
		{2222CCF1-1611-48E1-B0B1-D0AFE5D7B0A9}.Debug|Any CPU.Build.0 = Debug|Any CPU
		{2222CCF1-1611-48E1-B0B1-D0AFE5D7B0A9}.Release|Any CPU.ActiveCfg = Release|Any CPU
		{2222CCF1-1611-48E1-B0B1-D0AFE5D7B0A9}.Release|Any CPU.Build.0 = Release|Any CPU
	EndGlobalSection
	GlobalSection(SolutionProperties) = preSolution
		HideSolutionNode = FALSE
	EndGlobalSection
	GlobalSection(ExtensibilityGlobals) = postSolution
		SolutionGuid = {6DEB6739-0482-4427-A626-32D2AE0B5C96}
	EndGlobalSection
EndGlobal
